{
  "name": "git-mirror-sync-service",
  "version": "0.1.0",
  "lockfileVersion": 3,
  "requires": true,
  "packages": {
    "": {
      "name": "git-mirror-sync-service",
      "version": "0.1.0",
      "license": "MIT",
      "bin": {
        "git-mirror": "dist/cli.js"
      },
      "devDependencies": {
        "typescript": "file:vendor/typescript"
      },
      "engines": {
        "node": ">=22.0.0"
      }
    },
    "node_modules/typescript": {
      "resolved": "vendor/typescript",
      "link": true
    },
    "vendor/typescript": {
      "version": "5.8.3",
      "dev": true,
      "license": "Apache-2.0",
      "bin": {
        "tsc": "lib/tsc.js",
        "tsserver": "lib/tsserver.js"
      },
      "engines": {
        "node": ">=14.17"
      }
    }
  }
}
